Microsoft Visual Studio Solution File, Format Version 12.00
# Visual Studio 15
VisualStudioVersion = 15.0.26124.0
MinimumVisualStudioVersion = 15.0.26124.0
Project("{2150E333-8FDC-42A3-9474-1A3956D46DE8}") = "src", "src", "{E3866A5A-6273-4E2E-A277-3F4FC5992447}"
EndProject
Project("{9A19103F-16F7-4668-BE54-9A1E7A4F7556}") = "Graylog.Target", "src\Graylog.Target\Graylog.Target.csproj", "{E83D0CC5-BE07-43D1-A2E4-4C84A143CED5}"
EndProject
Project("{2150E333-8FDC-42A3-9474-1A3956D46DE8}") = "tests", "tests", "{CD782539-00A5-4B6B-B5C4-2FF47EF5D6EC}"
EndProject
Project("{9A19103F-16F7-4668-BE54-9A1E7A4F7556}") = "Graylog.Target.Tests", "tests\Graylog.Target.Tests\Graylog.Target.Tests.csproj", "{96BEFA9A-859F-4161-898D-EF832B7DCCB9}"
EndProject
Project("{9A19103F-16F7-4668-BE54-9A1E7A4F7556}") = "ConsoleRunner", "src\ConsoleRunner\ConsoleRunner.csproj", "{F926EEB6-F508-4105-95C0-225AD470D0A1}"
EndProject
Global
	GlobalSection(SolutionConfigurationPlatforms) = preSolution
		Debug|AnyCPU = Debug|AnyCPU
		Release|AnyCPU = Release|AnyCPU
	EndGlobalSection
	GlobalSection(ProjectConfigurationPlatforms) = postSolution
		{E83D0CC5-BE07-43D1-A2E4-4C84A143CED5}.Debug|AnyCPU.ActiveCfg = Debug|Any CPU
		{E83D0CC5-BE07-43D1-A2E4-4C84A143CED5}.Debug|AnyCPU.Build.0 = Debug|Any CPU
		{E83D0CC5-BE07-43D1-A2E4-4C84A143CED5}.Release|AnyCPU.ActiveCfg = Release|Any CPU
		{E83D0CC5-BE07-43D1-A2E4-4C84A143CED5}.Release|AnyCPU.Build.0 = Release|Any CPU
		{96BEFA9A-859F-4161-898D-EF832B7DCCB9}.Debug|AnyCPU.ActiveCfg = Debug|Any CPU
		{96BEFA9A-859F-4161-898D-EF832B7DCCB9}.Debug|AnyCPU.Build.0 = Debug|Any CPU
		{96BEFA9A-859F-4161-898D-EF832B7DCCB9}.Release|AnyCPU.ActiveCfg = Release|Any CPU
		{96BEFA9A-859F-4161-898D-EF832B7DCCB9}.Release|AnyCPU.Build.0 = Release|Any CPU
		{F926EEB6-F508-4105-95C0-225AD470D0A1}.Debug|AnyCPU.ActiveCfg = Debug|Any CPU
		{F926EEB6-F508-4105-95C0-225AD470D0A1}.Debug|AnyCPU.Build.0 = Debug|Any CPU
		{F926EEB6-F508-4105-95C0-225AD470D0A1}.Release|AnyCPU.ActiveCfg = Release|Any CPU
		{F926EEB6-F508-4105-95C0-225AD470D0A1}.Release|AnyCPU.Build.0 = Release|Any CPU
	EndGlobalSection
	GlobalSection(SolutionProperties) = preSolution
		HideSolutionNode = FALSE
	EndGlobalSection
	GlobalSection(NestedProjects) = preSolution
		{E83D0CC5-BE07-43D1-A2E4-4C84A143CED5} = {E3866A5A-6273-4E2E-A277-3F4FC5992447}
		{96BEFA9A-859F-4161-898D-EF832B7DCCB9} = {CD782539-00A5-4B6B-B5C4-2FF47EF5D6EC}
		{F926EEB6-F508-4105-95C0-225AD470D0A1} = {E3866A5A-6273-4E2E-A277-3F4FC5992447}
	EndGlobalSection
	GlobalSection(ExtensibilityGlobals) = postSolution
		SolutionGuid = {9AA406E1-8AA3-44E2-A2E1-A631485303B6}
	EndGlobalSection
EndGlobal
